
Microsoft Visual Studio Solution File, Format Version 12.00
# Visual Studio Version 16
VisualStudioVersion = 16.0.29806.167
MinimumVisualStudioVersion = 10.0.40219.1
Project("{FAE04EC0-301F-11D3-BF4B-00C04F79EFBC}") = "DataAccess", "DataAccess\DataAccess.csproj", "{80CD6085-3195-4A49-AF7E-F1245E8E87AE}"
EndProject
Global
	GlobalSection(SolutionConfigurationPlatforms) = preSolution
		Debug|Any CPU = Debug|Any CPU
		Release|Any CPU = Release|Any CPU
	EndGlobalSection
	GlobalSection(ProjectConfigurationPlatforms) = postSolution
		{80CD6085-3195-4A49-AF7E-F1245E8E87AE}.Debug|Any CPU.ActiveCfg = Debug|Any CPU
		{80CD6085-3195-4A49-AF7E-F1245E8E87AE}.Debug|Any CPU.Build.0 = Debug|Any CPU
		{80CD6085-3195-4A49-AF7E-F1245E8E87AE}.Release|Any CPU.ActiveCfg = Release|Any CPU
		{80CD6085-3195-4A49-AF7E-F1245E8E87AE}.Release|Any CPU.Build.0 = Release|Any CPU
	EndGlobalSection
	GlobalSection(SolutionProperties) = preSolution
		HideSolutionNode = FALSE
	EndGlobalSection
	GlobalSection(ExtensibilityGlobals) = postSolution
		SolutionGuid = {5D3DF7D1-7E09-4EFE-861A-F6D382B9C1CE}
	EndGlobalSection
EndGlobal
